{
  "name": "@ichest/cli",
  "version": "0.0.2",
  "lockfileVersion": 1,
  "requires": true,
  "dependencies": {
    "@types/ink": {
      "version": "0.5.1",
      "resolved": "https://registry.npm.taobao.org/@types/ink/download/@types/ink-0.5.1.tgz",
      "integrity": "sha1-bW5/LR40Njhf9r0s98poqL67ywA=",
      "dev": true,
      "requires": {
        "@types/node": "*",
        "@types/prop-types": "*"
      }
    },
    "@types/ink-table": {
      "version": "1.0.0",
      "resolved": "https://registry.npm.taobao.org/@types/ink-table/download/@types/ink-table-1.0.0.tgz",
      "integrity": "sha1-w2CIvwIK5ejkftuk610j/Jk5DwY=",
      "dev": true,
      "requires": {
        "@types/ink": "*"
      }
    },
    "@types/node": {
      "version": "12.0.7",
      "resolved": "https://registry.npm.taobao.org/@types/node/download/@types/node-12.0.7.tgz",
      "integrity": "sha1-TyVjutZSsqyxci1+eq4rD/YtGSw=",
      "dev": true
    },
    "@types/prop-types": {
      "version": "15.7.1",
      "resolved": "http://registry.npm.taobao.org/@types/prop-types/download/@types/prop-types-15.7.1.tgz",
      "integrity": "sha1-8aEee6uww8rWgQC+OB0eBkxo8fY="
    },
    "@types/react": {
      "version": "16.8.20",
      "resolved": "https://registry.npm.taobao.org/@types/react/download/@types/react-16.8.20.tgz",
      "integrity": "sha1-T2M+y9Ck1W0MzFD/9vkyG7zX1YM=",
      "requires": {
        "@types/prop-types": "*",
        "csstype": "^2.2.0"
      }
    },
    "@types/yargs": {
      "version": "13.0.0",
      "resolved": "https://registry.npm.taobao.org/@types/yargs/download/@types/yargs-13.0.0.tgz",
      "integrity": "sha1-0qyzvsAEfY9kjrrNq2uSipAMQsQ=",
      "dev": true,
      "requires": {
        "@types/yargs-parser": "*"
      }
    },
    "@types/yargs-parser": {
      "version": "13.0.0",
      "resolved": "https://registry.npm.taobao.org/@types/yargs-parser/download/@types/yargs-parser-13.0.0.tgz",
      "integrity": "sha1-RTdDxbv58b7WHZWbqrWwa+ApstA=",
      "dev": true
    },
    "ansi-escapes": {
      "version": "3.2.0",
      "resolved": "https://registry.npm.taobao.org/ansi-escapes/download/ansi-escapes-3.2.0.tgz",
      "integrity": "sha1-h4C5j/nb9WOBUtHx/lwde0RCl2s="
    },
    "ansi-regex": {
      "version": "4.1.0",
      "resolved": "http://registry.npm.taobao.org/ansi-regex/download/ansi-regex-4.1.0.tgz",
      "integrity": "sha1-i5+PCM8ay4Q3Vqg5yox+MWjFGZc="
    },
    "ansi-styles": {
      "version": "3.2.1",
      "resolved": "https://registry.npm.taobao.org/ansi-styles/download/ansi-styles-3.2.1.tgz?cache=0&other_urls=https%3A%2F%2Fregistry.npm.taobao.org%2Fansi-styles%2Fdownload%2Fansi-styles-3.2.1.tgz",
      "integrity": "sha1-QfuyAkPlCxK+DwS43tvwdSDOhB0=",
      "requires": {
        "color-convert": "^1.9.0"
      }
    },
    "arg": {
      "version": "4.1.0",
      "resolved": "http://registry.npm.taobao.org/arg/download/arg-4.1.0.tgz",
      "integrity": "sha1-WDxRgZlBngA3q7dAYsN/hRnldfA=",
      "dev": true
    },
    "arrify": {
      "version": "1.0.1",
      "resolved": "https://registry.npm.taobao.org/arrify/download/arrify-1.0.1.tgz",
      "integrity": "sha1-iYUI2iIm84DfkEcoRWhJwVAaSw0="
    },
    "astral-regex": {
      "version": "1.0.0",
      "resolved": "https://registry.npm.taobao.org/astral-regex/download/astral-regex-1.0.0.tgz",
      "integrity": "sha1-bIw/uCfdQ+45GPJ7gngqt2WKb9k="
    },
    "auto-bind": {
      "version": "2.1.0",
      "resolved": "https://registry.npm.taobao.org/auto-bind/download/auto-bind-2.1.0.tgz",
      "integrity": "sha1-JU4S1TBj18q5BEbOAhrM+z+qFGQ=",
      "requires": {
        "@types/react": "^16.8.12"
      }
    },
    "buffer-from": {
      "version": "1.1.1",
      "resolved": "http://registry.npm.taobao.org/buffer-from/download/buffer-from-1.1.1.tgz",
      "integrity": "sha1-MnE7wCj3XAL9txDXx7zsHyxgcO8=",
      "dev": true
    },
    "camelcase": {
      "version": "5.3.1",
      "resolved": "http://registry.npm.taobao.org/camelcase/download/camelcase-5.3.1.tgz",
      "integrity": "sha1-48mzFWnhBoEd8kL3FXJaH0xJQyA="
    },
    "chalk": {
      "version": "2.4.2",
      "resolved": "http://registry.npm.taobao.org/chalk/download/chalk-2.4.2.tgz",
      "integrity": "sha1-zUJUFnelQzPPVBpJEIwUMrRMlCQ=",
      "requires": {
        "ansi-styles": "^3.2.1",
        "escape-string-regexp": "^1.0.5",
        "supports-color": "^5.3.0"
      }
    },
    "ci-info": {
      "version": "2.0.0",
      "resolved": "http://registry.npm.taobao.org/ci-info/download/ci-info-2.0.0.tgz",
      "integrity": "sha1-Z6npZL4xpR4V5QENWObxKDQAL0Y="
    },
    "cli-cursor": {
      "version": "2.1.0",
      "resolved": "https://registry.npm.taobao.org/cli-cursor/download/cli-cursor-2.1.0.tgz",
      "integrity": "sha1-s12sN2R5+sw+lHR9QdDQ9SOP/LU=",
      "requires": {
        "restore-cursor": "^2.0.0"
      }
    },
    "cli-truncate": {
      "version": "1.1.0",
      "resolved": "https://registry.npm.taobao.org/cli-truncate/download/cli-truncate-1.1.0.tgz?cache=0&other_urls=https%3A%2F%2Fregistry.npm.taobao.org%2Fcli-truncate%2Fdownload%2Fcli-truncate-1.1.0.tgz",
      "integrity": "sha1-Ky39g8U8/TVyuH/E1DCoCK+wQIY=",
      "requires": {
        "slice-ansi": "^1.0.0",
        "string-width": "^2.0.0"
      },
      "dependencies": {
        "ansi-regex": {
          "version": "3.0.0",
          "resolved": "http://registry.npm.taobao.org/ansi-regex/download/ansi-regex-3.0.0.tgz",
          "integrity": "sha1-7QMXwyIGT3lGbAKWa922Bas32Zg="
        },
        "string-width": {
          "version": "2.1.1",
          "resolved": "http://registry.npm.taobao.org/string-width/download/string-width-2.1.1.tgz",
          "integrity": "sha1-q5Pyeo3BPSjKyBXEYhQ6bZASrp4=",
          "requires": {
            "is-fullwidth-code-point": "^2.0.0",
            "strip-ansi": "^4.0.0"
          }
        },
        "strip-ansi": {
          "version": "4.0.0",
          "resolved": "http://registry.npm.taobao.org/strip-ansi/download/strip-ansi-4.0.0.tgz",
          "integrity": "sha1-qEeQIusaw2iocTibY1JixQXuNo8=",
          "requires": {
            "ansi-regex": "^3.0.0"
          }
        }
      }
    },
    "cliui": {
      "version": "5.0.0",
      "resolved": "http://registry.npm.taobao.org/cliui/download/cliui-5.0.0.tgz",
      "integrity": "sha1-3u/P2y6AB4SqNPRvoI4GhRx7u8U=",
      "requires": {
        "string-width": "^3.1.0",
        "strip-ansi": "^5.2.0",
        "wrap-ansi": "^5.1.0"
      }
    },
    "color-convert": {
      "version": "1.9.3",
      "resolved": "http://registry.npm.taobao.org/color-convert/download/color-convert-1.9.3.tgz",
      "integrity": "sha1-u3GFBpDh8TZWfeYp0tVHHe2kweg=",
      "requires": {
        "color-name": "1.1.3"
      }
    },
    "color-name": {
      "version": "1.1.3",
      "resolved": "http://registry.npm.taobao.org/color-name/download/color-name-1.1.3.tgz",
      "integrity": "sha1-p9BVi9icQveV3UIyj3QIMcpTvCU="
    },
    "cross-spawn": {
      "version": "6.0.5",
      "resolved": "http://registry.npm.taobao.org/cross-spawn/download/cross-spawn-6.0.5.tgz",
      "integrity": "sha1-Sl7Hxk364iw6FBJNus3uhG2Ay8Q=",
      "requires": {
        "nice-try": "^1.0.4",
        "path-key": "^2.0.1",
        "semver": "^5.5.0",
        "shebang-command": "^1.2.0",
        "which": "^1.2.9"
      }
    },
    "csstype": {
      "version": "2.6.5",
      "resolved": "https://registry.npm.taobao.org/csstype/download/csstype-2.6.5.tgz",
      "integrity": "sha1-HNHf90Lr9NfJkUcK5x4Su2dR4DQ="
    },
    "decamelize": {
      "version": "1.2.0",
      "resolved": "http://registry.npm.taobao.org/decamelize/download/decamelize-1.2.0.tgz",
      "integrity": "sha1-9lNNFRSCabIDUue+4m9QH5oZEpA="
    },
    "diff": {
      "version": "4.0.1",
      "resolved": "http://registry.npm.taobao.org/diff/download/diff-4.0.1.tgz",
      "integrity": "sha1-DGZ8tGfru1zqfxTxNcwtuneAqP8=",
      "dev": true
    },
    "emoji-regex": {
      "version": "7.0.3",
      "resolved": "http://registry.npm.taobao.org/emoji-regex/download/emoji-regex-7.0.3.tgz",
      "integrity": "sha1-kzoEBShgyF6DwSJHnEdIqOTHIVY="
    },
    "end-of-stream": {
      "version": "1.4.1",
      "resolved": "http://registry.npm.taobao.org/end-of-stream/download/end-of-stream-1.4.1.tgz",
      "integrity": "sha1-7SljTRm6ukY7bOa4CjchPqtx7EM=",
      "requires": {
        "once": "^1.4.0"
      }
    },
    "escape-string-regexp": {
      "version": "1.0.5",
      "resolved": "http://registry.npm.taobao.org/escape-string-regexp/download/escape-string-regexp-1.0.5.tgz",
      "integrity": "sha1-G2HAViGQqN/2rjuyzwIAyhMLhtQ="
    },
    "execa": {
      "version": "1.0.0",
      "resolved": "http://registry.npm.taobao.org/execa/download/execa-1.0.0.tgz",
      "integrity": "sha1-xiNqW7TfbW8V6I5/AXeYIWdJ3dg=",
      "requires": {
        "cross-spawn": "^6.0.0",
        "get-stream": "^4.0.0",
        "is-stream": "^1.1.0",
        "npm-run-path": "^2.0.0",
        "p-finally": "^1.0.0",
        "signal-exit": "^3.0.0",
        "strip-eof": "^1.0.0"
      }
    },
    "find-up": {
      "version": "3.0.0",
      "resolved": "https://registry.npm.taobao.org/find-up/download/find-up-3.0.0.tgz",
      "integrity": "sha1-SRafHXmTQwZG2mHsxa41XCHJe3M=",
      "requires": {
        "locate-path": "^3.0.0"
      }
    },
    "get-caller-file": {
      "version": "2.0.5",
      "resolved": "http://registry.npm.taobao.org/get-caller-file/download/get-caller-file-2.0.5.tgz",
      "integrity": "sha1-T5RBKoLbMvNuOwuXQfipf+sDH34="
    },
    "get-stream": {
      "version": "4.1.0",
      "resolved": "http://registry.npm.taobao.org/get-stream/download/get-stream-4.1.0.tgz",
      "integrity": "sha1-wbJVV189wh1Zv8ec09K0axw6VLU=",
      "requires": {
        "pump": "^3.0.0"
      }
    },
    "has-flag": {
      "version": "3.0.0",
      "resolved": "http://registry.npm.taobao.org/has-flag/download/has-flag-3.0.0.tgz",
      "integrity": "sha1-tdRU3CGZriJWmfNGfloH87lVuv0="
    },
    "ink": {
      "version": "2.2.0",
      "resolved": "https://registry.npm.taobao.org/ink/download/ink-2.2.0.tgz",
      "integrity": "sha1-gjHLrwN5ljTLMz7E5GH1DiXpP8A=",
      "requires": {
        "@types/react": "^16.8.6",
        "arrify": "^1.0.1",
        "auto-bind": "^2.0.0",
        "chalk": "^2.4.1",
        "cli-cursor": "^2.1.0",
        "cli-truncate": "^1.1.0",
        "is-ci": "^2.0.0",
        "lodash.throttle": "^4.1.1",
        "log-update": "^3.0.0",
        "prop-types": "^15.6.2",
        "react-reconciler": "^0.20.0",
        "scheduler": "^0.13.2",
        "signal-exit": "^3.0.2",
        "slice-ansi": "^1.0.0",
        "string-length": "^2.0.0",
        "widest-line": "^2.0.0",
        "wrap-ansi": "^5.0.0",
        "yoga-layout-prebuilt": "^1.9.3"
      }
    },
    "ink-table": {
      "version": "2.0.1",
      "resolved": "https://registry.npm.taobao.org/ink-table/download/ink-table-2.0.1.tgz",
      "integrity": "sha1-Iu00hbjdrun0XmyxPFBaBkY4J+c=",
      "requires": {
        "prop-types": "^15.7.2"
      }
    },
    "invert-kv": {
      "version": "2.0.0",
      "resolved": "https://registry.npm.taobao.org/invert-kv/download/invert-kv-2.0.0.tgz",
      "integrity": "sha1-c5P1r6Weyf9fZ6J2INEcIm4+7AI="
    },
    "is-ci": {
      "version": "2.0.0",
      "resolved": "http://registry.npm.taobao.org/is-ci/download/is-ci-2.0.0.tgz",
      "integrity": "sha1-a8YzQYGBDgS1wis9WJ/cpVAmQEw=",
      "requires": {
        "ci-info": "^2.0.0"
      }
    },
    "is-fullwidth-code-point": {
      "version": "2.0.0",
      "resolved": "http://registry.npm.taobao.org/is-fullwidth-code-point/download/is-fullwidth-code-point-2.0.0.tgz",
      "integrity": "sha1-o7MKXE8ZkYMWeqq5O+764937ZU8="
    },
    "is-stream": {
      "version": "1.1.0",
      "resolved": "https://registry.npm.taobao.org/is-stream/download/is-stream-1.1.0.tgz",
      "integrity": "sha1-EtSj3U5o4Lec6428hBc66A2RykQ="
    },
    "isexe": {
      "version": "2.0.0",
      "resolved": "http://registry.npm.taobao.org/isexe/download/isexe-2.0.0.tgz",
      "integrity": "sha1-6PvzdNxVb/iUehDcsFctYz8s+hA="
    },
    "js-tokens": {
      "version": "4.0.0",
      "resolved": "https://registry.npm.taobao.org/js-tokens/download/js-tokens-4.0.0.tgz",
      "integrity": "sha1-GSA/tZmR35jjoocFDUZHzerzJJk="
    },
    "lcid": {
      "version": "2.0.0",
      "resolved": "https://registry.npm.taobao.org/lcid/download/lcid-2.0.0.tgz",
      "integrity": "sha1-bvXS32DlL4LrIopMNz6NHzlyU88=",
      "requires": {
        "invert-kv": "^2.0.0"
      }
    },
    "locate-path": {
      "version": "3.0.0",
      "resolved": "https://registry.npm.taobao.org/locate-path/download/locate-path-3.0.0.tgz",
      "integrity": "sha1-2+w7OrdZdYBxtY/ln8QYca8hQA4=",
      "requires": {
        "p-locate": "^3.0.0",
        "path-exists": "^3.0.0"
      }
    },
    "lodash.throttle": {
      "version": "4.1.1",
      "resolved": "https://registry.npm.taobao.org/lodash.throttle/download/lodash.throttle-4.1.1.tgz",
      "integrity": "sha1-wj6RtxAkKscMN/HhzaknTMOb8vQ="
    },
    "log-update": {
      "version": "3.2.0",
      "resolved": "https://registry.npm.taobao.org/log-update/download/log-update-3.2.0.tgz",
      "integrity": "sha1-cZ8kKTJQ1l0BZfTi7C7YBf8GLuw=",
      "requires": {
        "ansi-escapes": "^3.2.0",
        "cli-cursor": "^2.1.0",
        "wrap-ansi": "^5.0.0"
      }
    },
    "loose-envify": {
      "version": "1.4.0",
      "resolved": "http://registry.npm.taobao.org/loose-envify/download/loose-envify-1.4.0.tgz",
      "integrity": "sha1-ce5R+nvkyuwaY4OffmgtgTLTDK8=",
      "requires": {
        "js-tokens": "^3.0.0 || ^4.0.0"
      }
    },
    "make-error": {
      "version": "1.3.5",
      "resolved": "http://registry.npm.taobao.org/make-error/download/make-error-1.3.5.tgz",
      "integrity": "sha1-7+ToH22yjK3WBccPKcgxtY73dsg=",
      "dev": true
    },
    "map-age-cleaner": {
      "version": "0.1.3",
      "resolved": "http://registry.npm.taobao.org/map-age-cleaner/download/map-age-cleaner-0.1.3.tgz",
      "integrity": "sha1-fVg6cwZDTAVf5HSw9FB45uG0uSo=",
      "requires": {
        "p-defer": "^1.0.0"
      }
    },
    "mem": {
      "version": "4.3.0",
      "resolved": "https://registry.npm.taobao.org/mem/download/mem-4.3.0.tgz?cache=0&sync_timestamp=1560604491560&other_urls=https%3A%2F%2Fregistry.npm.taobao.org%2Fmem%2Fdownload%2Fmem-4.3.0.tgz",
      "integrity": "sha1-Rhr0l7xK4JYIzbLmDu+2m/90QXg=",
      "requires": {
        "map-age-cleaner": "^0.1.1",
        "mimic-fn": "^2.0.0",
        "p-is-promise": "^2.0.0"
      }
    },
    "mimic-fn": {
      "version": "2.1.0",
      "resolved": "https://registry.npm.taobao.org/mimic-fn/download/mimic-fn-2.1.0.tgz",
      "integrity": "sha1-ftLCzMyvhNP/y3pptXcR/CCDQBs="
    },
    "nice-try": {
      "version": "1.0.5",
      "resolved": "http://registry.npm.taobao.org/nice-try/download/nice-try-1.0.5.tgz",
      "integrity": "sha1-ozeKdpbOfSI+iPybdkvX7xCJ42Y="
    },
    "npm-run-path": {
      "version": "2.0.2",
      "resolved": "http://registry.npm.taobao.org/npm-run-path/download/npm-run-path-2.0.2.tgz",
      "integrity": "sha1-NakjLfo11wZ7TLLd8jV7GHFTbF8=",
      "requires": {
        "path-key": "^2.0.0"
      }
    },
    "object-assign": {
      "version": "4.1.1",
      "resolved": "http://registry.npm.taobao.org/object-assign/download/object-assign-4.1.1.tgz",
      "integrity": "sha1-IQmtx5ZYh8/AXLvUQsrIv7s2CGM="
    },
    "once": {
      "version": "1.4.0",
      "resolved": "http://registry.npm.taobao.org/once/download/once-1.4.0.tgz",
      "integrity": "sha1-WDsap3WWHUsROsF9nFC6753Xa9E=",
      "requires": {
        "wrappy": "1"
      }
    },
    "onetime": {
      "version": "2.0.1",
      "resolved": "http://registry.npm.taobao.org/onetime/download/onetime-2.0.1.tgz",
      "integrity": "sha1-BnQoIw/WdEOyeUsiu6UotoZ5YtQ=",
      "requires": {
        "mimic-fn": "^1.0.0"
      },
      "dependencies": {
        "mimic-fn": {
          "version": "1.2.0",
          "resolved": "https://registry.npm.taobao.org/mimic-fn/download/mimic-fn-1.2.0.tgz",
          "integrity": "sha1-ggyGo5M0ZA6ZUWkovQP8qIBX0CI="
        }
      }
    },
    "os-locale": {
      "version": "3.1.0",
      "resolved": "https://registry.npm.taobao.org/os-locale/download/os-locale-3.1.0.tgz?cache=0&sync_timestamp=1560274285880&other_urls=https%3A%2F%2Fregistry.npm.taobao.org%2Fos-locale%2Fdownload%2Fos-locale-3.1.0.tgz",
      "integrity": "sha1-qAKm7hfyTBBIOrmTVxnO9O0Wvxo=",
      "requires": {
        "execa": "^1.0.0",
        "lcid": "^2.0.0",
        "mem": "^4.0.0"
      }
    },
    "p-defer": {
      "version": "1.0.0",
      "resolved": "https://registry.npm.taobao.org/p-defer/download/p-defer-1.0.0.tgz?cache=0&sync_timestamp=1559922734651&other_urls=https%3A%2F%2Fregistry.npm.taobao.org%2Fp-defer%2Fdownload%2Fp-defer-1.0.0.tgz",
      "integrity": "sha1-n26xgvbJqozXQwBKfU+WsZaw+ww="
    },
    "p-finally": {
      "version": "1.0.0",
      "resolved": "https://registry.npm.taobao.org/p-finally/download/p-finally-1.0.0.tgz",
      "integrity": "sha1-P7z7FbiZpEEjs0ttzBi3JDNqLK4="
    },
    "p-is-promise": {
      "version": "2.1.0",
      "resolved": "http://registry.npm.taobao.org/p-is-promise/download/p-is-promise-2.1.0.tgz",
      "integrity": "sha1-kYzrrqJIpiz3/6uOO8qMX4gvxC4="
    },
    "p-limit": {
      "version": "2.2.0",
      "resolved": "http://registry.npm.taobao.org/p-limit/download/p-limit-2.2.0.tgz",
      "integrity": "sha1-QXyZQeYCepq8ulCS3SkE4lW1+8I=",
      "requires": {
        "p-try": "^2.0.0"
      }
    },
    "p-locate": {
      "version": "3.0.0",
      "resolved": "http://registry.npm.taobao.org/p-locate/download/p-locate-3.0.0.tgz",
      "integrity": "sha1-Mi1poFwCZLJZl9n0DNiokasAZKQ=",
      "requires": {
        "p-limit": "^2.0.0"
      }
    },
    "p-try": {
      "version": "2.2.0",
      "resolved": "http://registry.npm.taobao.org/p-try/download/p-try-2.2.0.tgz",
      "integrity": "sha1-yyhoVA4xPWHeWPr741zpAE1VQOY="
    },
    "path-exists": {
      "version": "3.0.0",
      "resolved": "http://registry.npm.taobao.org/path-exists/download/path-exists-3.0.0.tgz",
      "integrity": "sha1-zg6+ql94yxiSXqfYENe1mwEP1RU="
    },
    "path-key": {
      "version": "2.0.1",
      "resolved": "http://registry.npm.taobao.org/path-key/download/path-key-2.0.1.tgz",
      "integrity": "sha1-QRyttXTFoUDTpLGRDUDYDMn0C0A="
    },
    "prop-types": {
      "version": "15.7.2",
      "resolved": "https://registry.npm.taobao.org/prop-types/download/prop-types-15.7.2.tgz",
      "integrity": "sha1-UsQedbjIfnK52TYOAga5ncv/psU=",
      "requires": {
        "loose-envify": "^1.4.0",
        "object-assign": "^4.1.1",
        "react-is": "^16.8.1"
      }
    },
    "pump": {
      "version": "3.0.0",
      "resolved": "http://registry.npm.taobao.org/pump/download/pump-3.0.0.tgz",
      "integrity": "sha1-tKIRaBW94vTh6mAjVOjHVWUQemQ=",
      "requires": {
        "end-of-stream": "^1.1.0",
        "once": "^1.3.1"
      }
    },
    "react": {
      "version": "16.8.6",
      "resolved": "https://registry.npm.taobao.org/react/download/react-16.8.6.tgz?cache=0&other_urls=https%3A%2F%2Fregistry.npm.taobao.org%2Freact%2Fdownload%2Freact-16.8.6.tgz",
      "integrity": "sha1-rWw6lhT9Ok6e9REX9U2IjaAfK74=",
      "requires": {
        "loose-envify": "^1.1.0",
        "object-assign": "^4.1.1",
        "prop-types": "^15.6.2",
        "scheduler": "^0.13.6"
      }
    },
    "react-is": {
      "version": "16.8.6",
      "resolved": "https://registry.npm.taobao.org/react-is/download/react-is-16.8.6.tgz",
      "integrity": "sha1-W7weLSkUHJ+9/tRWND/ivEMKahY="
    },
    "react-reconciler": {
      "version": "0.20.4",
      "resolved": "https://registry.npm.taobao.org/react-reconciler/download/react-reconciler-0.20.4.tgz",
      "integrity": "sha1-PaapWEFZL4SctO3T04Z2yG/ZILI=",
      "requires": {
        "loose-envify": "^1.1.0",
        "object-assign": "^4.1.1",
        "prop-types": "^15.6.2",
        "scheduler": "^0.13.6"
      }
    },
    "require-directory": {
      "version": "2.1.1",
      "resolved": "http://registry.npm.taobao.org/require-directory/download/require-directory-2.1.1.tgz",
      "integrity": "sha1-jGStX9MNqxyXbiNE/+f3kqam30I="
    },
    "require-main-filename": {
      "version": "2.0.0",
      "resolved": "http://registry.npm.taobao.org/require-main-filename/download/require-main-filename-2.0.0.tgz",
      "integrity": "sha1-0LMp7MfMD2Fkn2IhW+aa9UqomJs="
    },
    "restore-cursor": {
      "version": "2.0.0",
      "resolved": "https://registry.npm.taobao.org/restore-cursor/download/restore-cursor-2.0.0.tgz",
      "integrity": "sha1-n37ih/gv0ybU/RYpI9YhKe7g368=",
      "requires": {
        "onetime": "^2.0.0",
        "signal-exit": "^3.0.2"
      }
    },
    "scheduler": {
      "version": "0.13.6",
      "resolved": "https://registry.npm.taobao.org/scheduler/download/scheduler-0.13.6.tgz?cache=0&sync_timestamp=1559596534856&other_urls=https%3A%2F%2Fregistry.npm.taobao.org%2Fscheduler%2Fdownload%2Fscheduler-0.13.6.tgz",
      "integrity": "sha1-RmpOwzJGezGpG5v3TlNHBy5M2Ik=",
      "requires": {
        "loose-envify": "^1.1.0",
        "object-assign": "^4.1.1"
      }
    },
    "semver": {
      "version": "5.7.0",
      "resolved": "https://registry.npm.taobao.org/semver/download/semver-5.7.0.tgz?cache=0&sync_timestamp=1559063729249&other_urls=https%3A%2F%2Fregistry.npm.taobao.org%2Fsemver%2Fdownload%2Fsemver-5.7.0.tgz",
      "integrity": "sha1-eQp89v6lRZuslhELKbYEEtyP+Ws="
    },
    "set-blocking": {
      "version": "2.0.0",
      "resolved": "http://registry.npm.taobao.org/set-blocking/download/set-blocking-2.0.0.tgz",
      "integrity": "sha1-BF+XgtARrppoA93TgrJDkrPYkPc="
    },
    "shebang-command": {
      "version": "1.2.0",
      "resolved": "http://registry.npm.taobao.org/shebang-command/download/shebang-command-1.2.0.tgz",
      "integrity": "sha1-RKrGW2lbAzmJaMOfNj/uXer98eo=",
      "requires": {
        "shebang-regex": "^1.0.0"
      }
    },
    "shebang-regex": {
      "version": "1.0.0",
      "resolved": "https://registry.npm.taobao.org/shebang-regex/download/shebang-regex-1.0.0.tgz",
      "integrity": "sha1-2kL0l0DAtC2yypcoVxyxkMmO/qM="
    },
    "signal-exit": {
      "version": "3.0.2",
      "resolved": "http://registry.npm.taobao.org/signal-exit/download/signal-exit-3.0.2.tgz",
      "integrity": "sha1-tf3AjxKH6hF4Yo5BXiUTK3NkbG0="
    },
    "slice-ansi": {
      "version": "1.0.0",
      "resolved": "http://registry.npm.taobao.org/slice-ansi/download/slice-ansi-1.0.0.tgz",
      "integrity": "sha1-BE8aSdiEL/MHqta1Be0Xi9lQE00=",
      "requires": {
        "is-fullwidth-code-point": "^2.0.0"
      }
    },
    "source-map": {
      "version": "0.6.1",
      "resolved": "http://registry.npm.taobao.org/source-map/download/source-map-0.6.1.tgz",
      "integrity": "sha1-dHIq8y6WFOnCh6jQu95IteLxomM=",
      "dev": true
    },
    "source-map-support": {
      "version": "0.5.12",
      "resolved": "http://registry.npm.taobao.org/source-map-support/download/source-map-support-0.5.12.tgz",
      "integrity": "sha1-tPOxDVGFelrwE4086AA7IBYT1Zk=",
      "dev": true,
      "requires": {
        "buffer-from": "^1.0.0",
        "source-map": "^0.6.0"
      }
    },
    "string-length": {
      "version": "2.0.0",
      "resolved": "https://registry.npm.taobao.org/string-length/download/string-length-2.0.0.tgz",
      "integrity": "sha1-1A27aGo6zpYMHP/KVivyxF+DY+0=",
      "requires": {
        "astral-regex": "^1.0.0",
        "strip-ansi": "^4.0.0"
      },
      "dependencies": {
        "ansi-regex": {
          "version": "3.0.0",
          "resolved": "http://registry.npm.taobao.org/ansi-regex/download/ansi-regex-3.0.0.tgz",
          "integrity": "sha1-7QMXwyIGT3lGbAKWa922Bas32Zg="
        },
        "strip-ansi": {
          "version": "4.0.0",
          "resolved": "http://registry.npm.taobao.org/strip-ansi/download/strip-ansi-4.0.0.tgz",
          "integrity": "sha1-qEeQIusaw2iocTibY1JixQXuNo8=",
          "requires": {
            "ansi-regex": "^3.0.0"
          }
        }
      }
    },
    "string-width": {
      "version": "3.1.0",
      "resolved": "http://registry.npm.taobao.org/string-width/download/string-width-3.1.0.tgz",
      "integrity": "sha1-InZ74htirxCBV0MG9prFG2IgOWE=",
      "requires": {
        "emoji-regex": "^7.0.1",
        "is-fullwidth-code-point": "^2.0.0",
        "strip-ansi": "^5.1.0"
      }
    },
    "strip-ansi": {
      "version": "5.2.0",
      "resolved": "http://registry.npm.taobao.org/strip-ansi/download/strip-ansi-5.2.0.tgz",
      "integrity": "sha1-jJpTb+tq/JYr36WxBKUJHBrZwK4=",
      "requires": {
        "ansi-regex": "^4.1.0"
      }
    },
    "strip-eof": {
      "version": "1.0.0",
      "resolved": "http://registry.npm.taobao.org/strip-eof/download/strip-eof-1.0.0.tgz",
      "integrity": "sha1-u0P/VZim6wXYm1n80SnJgzE2Br8="
    },
    "supports-color": {
      "version": "5.5.0",
      "resolved": "http://registry.npm.taobao.org/supports-color/download/supports-color-5.5.0.tgz",
      "integrity": "sha1-4uaaRKyHcveKHsCzW2id9lMO/I8=",
      "requires": {
        "has-flag": "^3.0.0"
      }
    },
    "ts-node": {
      "version": "8.2.0",
      "resolved": "https://registry.npm.taobao.org/ts-node/download/ts-node-8.2.0.tgz?cache=0&other_urls=https%3A%2F%2Fregistry.npm.taobao.org%2Fts-node%2Fdownload%2Fts-node-8.2.0.tgz",
      "integrity": "sha1-Sol1SwBWC7JM1UUm4Whfo4xF8kA=",
      "dev": true,
      "requires": {
        "arg": "^4.1.0",
        "diff": "^4.0.1",
        "make-error": "^1.1.1",
        "source-map-support": "^0.5.6",
        "yn": "^3.0.0"
      }
    },
    "typescript": {
      "version": "3.5.1",
      "resolved": "https://registry.npm.taobao.org/typescript/download/typescript-3.5.1.tgz",
      "integrity": "sha1-unKmpgCyFYE5xd2IUPcA4jFGQgI=",
      "dev": true
    },
    "which": {
      "version": "1.3.1",
      "resolved": "http://registry.npm.taobao.org/which/download/which-1.3.1.tgz",
      "integrity": "sha1-pFBD1U9YBTFtqNYvn1CRjT2nCwo=",
      "requires": {
        "isexe": "^2.0.0"
      }
    },
    "which-module": {
      "version": "2.0.0",
      "resolved": "http://registry.npm.taobao.org/which-module/download/which-module-2.0.0.tgz",
      "integrity": "sha1-2e8H3Od7mQK4o6j6SzHD4/fm6Ho="
    },
    "widest-line": {
      "version": "2.0.1",
      "resolved": "http://registry.npm.taobao.org/widest-line/download/widest-line-2.0.1.tgz",
      "integrity": "sha1-dDh2RzDsfvQ4HOTfgvuYpTFCo/w=",
      "requires": {
        "string-width": "^2.1.1"
      },
      "dependencies": {
        "ansi-regex": {
          "version": "3.0.0",
          "resolved": "http://registry.npm.taobao.org/ansi-regex/download/ansi-regex-3.0.0.tgz",
          "integrity": "sha1-7QMXwyIGT3lGbAKWa922Bas32Zg="
        },
        "string-width": {
          "version": "2.1.1",
          "resolved": "http://registry.npm.taobao.org/string-width/download/string-width-2.1.1.tgz",
          "integrity": "sha1-q5Pyeo3BPSjKyBXEYhQ6bZASrp4=",
          "requires": {
            "is-fullwidth-code-point": "^2.0.0",
            "strip-ansi": "^4.0.0"
          }
        },
        "strip-ansi": {
          "version": "4.0.0",
          "resolved": "http://registry.npm.taobao.org/strip-ansi/download/strip-ansi-4.0.0.tgz",
          "integrity": "sha1-qEeQIusaw2iocTibY1JixQXuNo8=",
          "requires": {
            "ansi-regex": "^3.0.0"
          }
        }
      }
    },
    "wrap-ansi": {
      "version": "5.1.0",
      "resolved": "http://registry.npm.taobao.org/wrap-ansi/download/wrap-ansi-5.1.0.tgz",
      "integrity": "sha1-H9H2cjXVttD+54EFYAG/tpTAOwk=",
      "requires": {
        "ansi-styles": "^3.2.0",
        "string-width": "^3.0.0",
        "strip-ansi": "^5.0.0"
      }
    },
    "wrappy": {
      "version": "1.0.2",
      "resolved": "http://registry.npm.taobao.org/wrappy/download/wrappy-1.0.2.tgz",
      "integrity": "sha1-tSQ9jz7BqjXxNkYFvA0QNuMKtp8="
    },
    "y18n": {
      "version": "4.0.0",
      "resolved": "http://registry.npm.taobao.org/y18n/download/y18n-4.0.0.tgz",
      "integrity": "sha1-le+U+F7MgdAHwmThkKEg8KPIVms="
    },
    "yargs": {
      "version": "13.2.4",
      "resolved": "https://registry.npm.taobao.org/yargs/download/yargs-13.2.4.tgz",
      "integrity": "sha1-C1YreUAW65ZRuYvTes82SqXW3IM=",
      "requires": {
        "cliui": "^5.0.0",
        "find-up": "^3.0.0",
        "get-caller-file": "^2.0.1",
        "os-locale": "^3.1.0",
        "require-directory": "^2.1.1",
        "require-main-filename": "^2.0.0",
        "set-blocking": "^2.0.0",
        "string-width": "^3.0.0",
        "which-module": "^2.0.0",
        "y18n": "^4.0.0",
        "yargs-parser": "^13.1.0"
      }
    },
    "yargs-parser": {
      "version": "13.1.1",
      "resolved": "https://registry.npm.taobao.org/yargs-parser/download/yargs-parser-13.1.1.tgz?cache=0&other_urls=https%3A%2F%2Fregistry.npm.taobao.org%2Fyargs-parser%2Fdownload%2Fyargs-parser-13.1.1.tgz",
      "integrity": "sha1-0mBYUyqgbTZf4JH2ofwGsvfl7KA=",
      "requires": {
        "camelcase": "^5.0.0",
        "decamelize": "^1.2.0"
      }
    },
    "yn": {
      "version": "3.1.0",
      "resolved": "https://registry.npm.taobao.org/yn/download/yn-3.1.0.tgz",
      "integrity": "sha1-/L4ttjYQNhr8xeueCskel20EYRQ=",
      "dev": true
    },
    "yoga-layout-prebuilt": {
      "version": "1.9.3",
      "resolved": "https://registry.npm.taobao.org/yoga-layout-prebuilt/download/yoga-layout-prebuilt-1.9.3.tgz",
      "integrity": "sha1-EeO+KQlq/jwoTl2WPMLWKBSME3I="
    }
  }
}
